
Microsoft Visual Studio Solution File, Format Version 12.00
Project("{2150E333-8FDC-42A3-9474-1A3956D46DE8}") = "Solution Items", "Solution Items", "{D545CD41-7556-4DEF-8614-D7A9057B1482}"
	ProjectSection(SolutionItems) = preProject
		.dockerignore = .dockerignore
		.editorConfig = .editorConfig
		.gitignore = .gitignore
		docker-compose.yml = docker-compose.yml
	EndProjectSection
EndProject
Project("{2150E333-8FDC-42A3-9474-1A3956D46DE8}") = "src", "src", "{2383C214-85F8-4207-A978-0C294C37EC24}"
EndProject
Project("{FAE04EC0-301F-11D3-BF4B-00C04F79EFBC}") = "Karpenko.University.Backend.API", "src\Karpenko.University.Backend.API\Karpenko.University.Backend.API.csproj", "{E050BFC3-245E-4D13-886F-6A57254213E3}"
EndProject
Project("{FAE04EC0-301F-11D3-BF4B-00C04F79EFBC}") = "Karpenko.University.Backend.Domain", "src\Karpenko.University.Backend.Domain\Karpenko.University.Backend.Domain.csproj", "{544872F8-7C55-4C00-8D0F-A0199AA47502}"
EndProject
Project("{FAE04EC0-301F-11D3-BF4B-00C04F79EFBC}") = "Karpenko.University.Backend.Application", "src\Karpenko.University.Backend.Application\Karpenko.University.Backend.Application.csproj", "{49EF1A64-9419-4216-A3DB-FAA115DE815B}"
EndProject
Project("{FAE04EC0-301F-11D3-BF4B-00C04F79EFBC}") = "Karpenko.University.Backend.Core", "src\Karpenko.University.Backend.Core\Karpenko.University.Backend.Core.csproj", "{46BB1560-FE2E-4D64-A3B1-B141B1FFD2B8}"
EndProject
Project("{FAE04EC0-301F-11D3-BF4B-00C04F79EFBC}") = "Karpenko.University.Backend.Infrastructure", "src\Karpenko.University.Backend.Infrastructure\Karpenko.University.Backend.Infrastructure.csproj", "{2A073CBB-C74C-4245-918A-29E0D31AEC8A}"
EndProject
Global
	GlobalSection(SolutionConfigurationPlatforms) = preSolution
		Debug|Any CPU = Debug|Any CPU
		Release|Any CPU = Release|Any CPU
	EndGlobalSection
	GlobalSection(ProjectConfigurationPlatforms) = postSolution
		{E050BFC3-245E-4D13-886F-6A57254213E3}.Debug|Any CPU.ActiveCfg = Debug|Any CPU
		{E050BFC3-245E-4D13-886F-6A57254213E3}.Debug|Any CPU.Build.0 = Debug|Any CPU
		{E050BFC3-245E-4D13-886F-6A57254213E3}.Release|Any CPU.ActiveCfg = Release|Any CPU
		{E050BFC3-245E-4D13-886F-6A57254213E3}.Release|Any CPU.Build.0 = Release|Any CPU
		{544872F8-7C55-4C00-8D0F-A0199AA47502}.Debug|Any CPU.ActiveCfg = Debug|Any CPU
		{544872F8-7C55-4C00-8D0F-A0199AA47502}.Debug|Any CPU.Build.0 = Debug|Any CPU
		{544872F8-7C55-4C00-8D0F-A0199AA47502}.Release|Any CPU.ActiveCfg = Release|Any CPU
		{544872F8-7C55-4C00-8D0F-A0199AA47502}.Release|Any CPU.Build.0 = Release|Any CPU
		{49EF1A64-9419-4216-A3DB-FAA115DE815B}.Debug|Any CPU.ActiveCfg = Debug|Any CPU
		{49EF1A64-9419-4216-A3DB-FAA115DE815B}.Debug|Any CPU.Build.0 = Debug|Any CPU
		{49EF1A64-9419-4216-A3DB-FAA115DE815B}.Release|Any CPU.ActiveCfg = Release|Any CPU
		{49EF1A64-9419-4216-A3DB-FAA115DE815B}.Release|Any CPU.Build.0 = Release|Any CPU
		{46BB1560-FE2E-4D64-A3B1-B141B1FFD2B8}.Debug|Any CPU.ActiveCfg = Debug|Any CPU
		{46BB1560-FE2E-4D64-A3B1-B141B1FFD2B8}.Debug|Any CPU.Build.0 = Debug|Any CPU
		{46BB1560-FE2E-4D64-A3B1-B141B1FFD2B8}.Release|Any CPU.ActiveCfg = Release|Any CPU
		{46BB1560-FE2E-4D64-A3B1-B141B1FFD2B8}.Release|Any CPU.Build.0 = Release|Any CPU
		{2A073CBB-C74C-4245-918A-29E0D31AEC8A}.Debug|Any CPU.ActiveCfg = Debug|Any CPU
		{2A073CBB-C74C-4245-918A-29E0D31AEC8A}.Debug|Any CPU.Build.0 = Debug|Any CPU
		{2A073CBB-C74C-4245-918A-29E0D31AEC8A}.Release|Any CPU.ActiveCfg = Release|Any CPU
		{2A073CBB-C74C-4245-918A-29E0D31AEC8A}.Release|Any CPU.Build.0 = Release|Any CPU
	EndGlobalSection
	GlobalSection(NestedProjects) = preSolution
		{E050BFC3-245E-4D13-886F-6A57254213E3} = {2383C214-85F8-4207-A978-0C294C37EC24}
		{544872F8-7C55-4C00-8D0F-A0199AA47502} = {2383C214-85F8-4207-A978-0C294C37EC24}
		{49EF1A64-9419-4216-A3DB-FAA115DE815B} = {2383C214-85F8-4207-A978-0C294C37EC24}
		{46BB1560-FE2E-4D64-A3B1-B141B1FFD2B8} = {2383C214-85F8-4207-A978-0C294C37EC24}
		{2A073CBB-C74C-4245-918A-29E0D31AEC8A} = {2383C214-85F8-4207-A978-0C294C37EC24}
	EndGlobalSection
EndGlobal
